// !$*UTF8*$!
{
	archiveVersion = 1;
	classes = {
	};
	objectVersion = 48;
	objects = {

/* Begin PBXBuildFile section */
		41B77700B785FB86F3EDEB58 /* Pods_message.framework in Frameworks */ = {isa = PBXBuildFile; fileRef = FD2E1639464E7155759EE67B /* Pods_message.framework */; };
		B73A0D092046DFEB00A078D1 /* MemberListViewController.swift in Sources */ = {isa = PBXBuildFile; fileRef = B73A0D082046DFEA00A078D1 /* MemberListViewController.swift */; };
		B73A0D0B2046F4D900A078D1 /* TableViewController.swift in Sources */ = {isa = PBXBuildFile; fileRef = B73A0D0A2046F4D900A078D1 /* TableViewController.swift */; };
		B73A0D0D2046F8A400A078D1 /* Const2.swift in Sources */ = {isa = PBXBuildFile; fileRef = B73A0D0C2046F8A400A078D1 /* Const2.swift */; };
		B73A0D0F2046F8C700A078D1 /* PostAuth.swift in Sources */ = {isa = PBXBuildFile; fileRef = B73A0D0E2046F8C700A078D1 /* PostAuth.swift */; };
		B74E954220426A4E008A2E08 /* LoginViewController.swift in Sources */ = {isa = PBXBuildFile; fileRef = B74E954120426A4E008A2E08 /* LoginViewController.swift */; };
		B784C0B1204A49D300D08DA1 /* SendImageViewController.swift in Sources */ = {isa = PBXBuildFile; fileRef = B784C0B0204A49D300D08DA1 /* SendImageViewController.swift */; };
		B784C0B3204A6AE700D08DA1 /* CollectionViewController.swift in Sources */ = {isa = PBXBuildFile; fileRef = B784C0B2204A6AE700D08DA1 /* CollectionViewController.swift */; };
		B78D988F204270B300E8CE2E /* Const.swift in Sources */ = {isa = PBXBuildFile; fileRef = B78D988E204270B300E8CE2E /* Const.swift */; };
		B78D98912042711400E8CE2E /* PostData.swift in Sources */ = {isa = PBXBuildFile; fileRef = B78D98902042711400E8CE2E /* PostData.swift */; };
		B7E8B504204269280046E712 /* AppDelegate.swift in Sources */ = {isa = PBXBuildFile; fileRef = B7E8B503204269280046E712 /* AppDelegate.swift */; };
		B7E8B506204269280046E712 /* ViewController.swift in Sources */ = {isa = PBXBuildFile; fileRef = B7E8B505204269280046E712 /* ViewController.swift */; };
		B7E8B509204269280046E712 /* Main.storyboard in Resources */ = {isa = PBXBuildFile; fileRef = B7E8B507204269280046E712 /* Main.storyboard */; };
		B7E8B50B204269280046E712 /* Assets.xcassets in Resources */ = {isa = PBXBuildFile; fileRef = B7E8B50A204269280046E712 /* Assets.xcassets */; };
		B7E8B50E204269280046E712 /* LaunchScreen.storyboard in Resources */ = {isa = PBXBuildFile; fileRef = B7E8B50C204269280046E712 /* LaunchScreen.storyboard */; };
		B7E8B516204269630046E712 /* GoogleService-Info.plist in Resources */ = {isa = PBXBuildFile; fileRef = B7E8B515204269630046E712 /* GoogleService-Info.plist */; };
		B7FB6B0420426DC700BF5EF9 /* LogoutViewController.swift in Sources */ = {isa = PBXBuildFile; fileRef = B7FB6B0320426DC700BF5EF9 /* LogoutViewController.swift */; };
/* End PBXBuildFile section */

/* Begin PBXFileReference section */
		ABAED14EEED4068A73A12C40 /* Pods-message.debug.xcconfig */ = {isa = PBXFileReference; includeInIndex = 1; lastKnownFileType = text.xcconfig; name = "Pods-message.debug.xcconfig"; path = "Pods/Target Support Files/Pods-message/Pods-message.debug.xcconfig"; sourceTree = "<group>"; };
		AD954E6210FD59EA86961204 /* Pods-message.release.xcconfig */ = {isa = PBXFileReference; includeInIndex = 1; lastKnownFileType = text.xcconfig; name = "Pods-message.release.xcconfig"; path = "Pods/Target Support Files/Pods-message/Pods-message.release.xcconfig"; sourceTree = "<group>"; };
		B73A0D082046DFEA00A078D1 /* MemberListViewController.swift */ = {isa = PBXFileReference; lastKnownFileType = sourcecode.swift; path = MemberListViewController.swift; sourceTree = "<group>"; };
		B73A0D0A2046F4D900A078D1 /* TableViewController.swift */ = {isa = PBXFileReference; lastKnownFileType = sourcecode.swift; path = TableViewController.swift; sourceTree = "<group>"; };
		B73A0D0C2046F8A400A078D1 /* Const2.swift */ = {isa = PBXFileReference; lastKnownFileType = sourcecode.swift; path = Const2.swift; sourceTree = "<group>"; };
		B73A0D0E2046F8C700A078D1 /* PostAuth.swift */ = {isa = PBXFileReference; lastKnownFileType = sourcecode.swift; path = PostAuth.swift; sourceTree = "<group>"; };
		B74E954120426A4E008A2E08 /* LoginViewController.swift */ = {isa = PBXFileReference; lastKnownFileType = sourcecode.swift; path = LoginViewController.swift; sourceTree = "<group>"; };
		B784C0B0204A49D300D08DA1 /* SendImageViewController.swift */ = {isa = PBXFileReference; lastKnownFileType = sourcecode.swift; path = SendImageViewController.swift; sourceTree = "<group>"; };
		B784C0B2204A6AE700D08DA1 /* CollectionViewController.swift */ = {isa = PBXFileReference; lastKnownFileType = sourcecode.swift; path = CollectionViewController.swift; sourceTree = "<group>"; };
		B78D988E204270B300E8CE2E /* Const.swift */ = {isa = PBXFileReference; lastKnownFileType = sourcecode.swift; path = Const.swift; sourceTree = "<group>"; };
		B78D98902042711400E8CE2E /* PostData.swift */ = {isa = PBXFileReference; lastKnownFileType = sourcecode.swift; path = PostData.swift; sourceTree = "<group>"; };
		B7E8B500204269280046E712 /* message.app */ = {isa = PBXFileReference; explicitFileType = wrapper.application; includeInIndex = 0; path = message.app; sourceTree = BUILT_PRODUCTS_DIR; };
		B7E8B503204269280046E712 /* AppDelegate.swift */ = {isa = PBXFileReference; lastKnownFileType = sourcecode.swift; path = AppDelegate.swift; sourceTree = "<group>"; };
		B7E8B505204269280046E712 /* ViewController.swift */ = {isa = PBXFileReference; lastKnownFileType = sourcecode.swift; path = ViewController.swift; sourceTree = "<group>"; };
		B7E8B508204269280046E712 /* Base */ = {isa = PBXFileReference; lastKnownFileType = file.storyboard; name = Base; path = Base.lproj/Main.storyboard; sourceTree = "<group>"; };
		B7E8B50A204269280046E712 /* Assets.xcassets */ = {isa = PBXFileReference; lastKnownFileType = folder.assetcatalog; path = Assets.xcassets; sourceTree = "<group>"; };
		B7E8B50D204269280046E712 /* Base */ = {isa = PBXFileReference; lastKnownFileType = file.storyboard; name = Base; path = Base.lproj/LaunchScreen.storyboard; sourceTree = "<group>"; };
		B7E8B50F204269280046E712 /* Info.plist */ = {isa = PBXFileReference; lastKnownFileType = text.plist.xml; path = Info.plist; sourceTree = "<group>"; };
		B7E8B515204269630046E712 /* GoogleService-Info.plist */ = {isa = PBXFileReference; fileEncoding = 4; lastKnownFileType = text.plist.xml; path = "GoogleService-Info.plist"; sourceTree = "<group>"; };
		B7FB6B0320426DC700BF5EF9 /* LogoutViewController.swift */ = {isa = PBXFileReference; lastKnownFileType = sourcecode.swift; path = LogoutViewController.swift; sourceTree = "<group>"; };
		FD2E1639464E7155759EE67B /* Pods_message.framework */ = {isa = PBXFileReference; explicitFileType = wrapper.framework; includeInIndex = 0; path = Pods_message.framework; sourceTree = BUILT_PRODUCTS_DIR; };
/* End PBXFileReference section */

/* Begin PBXFrameworksBuildPhase section */
		B7E8B4FD204269280046E712 /* Frameworks */ = {
			isa = PBXFrameworksBuildPhase;
			buildActionMask = 2147483647;
			files = (
				41B77700B785FB86F3EDEB58 /* Pods_message.framework in Frameworks */,
			);
			runOnlyForDeploymentPostprocessing = 0;
		};
/* End PBXFrameworksBuildPhase section */

/* Begin PBXGroup section */
		174D70E2681ADCBF9D037245 /* Frameworks */ = {
			isa = PBXGroup;
			children = (
				FD2E1639464E7155759EE67B /* Pods_message.framework */,
			);
			name = Frameworks;
			sourceTree = "<group>";
		};
		28409C3CAF1C89A5B3398E17 /* Pods */ = {
			isa = PBXGroup;
			children = (
				ABAED14EEED4068A73A12C40 /* Pods-message.debug.xcconfig */,
				AD954E6210FD59EA86961204 /* Pods-message.release.xcconfig */,
			);
			name = Pods;
			sourceTree = "<group>";
		};
		B7E8B4F7204269280046E712 = {
			isa = PBXGroup;
			children = (
				B7E8B502204269280046E712 /* message */,
				B7E8B501204269280046E712 /* Products */,
				28409C3CAF1C89A5B3398E17 /* Pods */,
				174D70E2681ADCBF9D037245 /* Frameworks */,
			);
			sourceTree = "<group>";
		};
		B7E8B501204269280046E712 /* Products */ = {
			isa = PBXGroup;
			children = (
				B7E8B500204269280046E712 /* message.app */,
			);
			name = Products;
			sourceTree = "<group>";
		};
		B7E8B502204269280046E712 /* message */ = {
			isa = PBXGroup;
			children = (
				B7E8B503204269280046E712 /* AppDelegate.swift */,
				B7E8B507204269280046E712 /* Main.storyboard */,
				B73A0D0A2046F4D900A078D1 /* TableViewController.swift */,
				B7E8B505204269280046E712 /* ViewController.swift */,
				B784C0B0204A49D300D08DA1 /* SendImageViewController.swift */,
				B784C0B2204A6AE700D08DA1 /* CollectionViewController.swift */,
				B73A0D082046DFEA00A078D1 /* MemberListViewController.swift */,
				B74E954120426A4E008A2E08 /* LoginViewController.swift */,
				B7FB6B0320426DC700BF5EF9 /* LogoutViewController.swift */,
				B78D98902042711400E8CE2E /* PostData.swift */,
				B73A0D0E2046F8C700A078D1 /* PostAuth.swift */,
				B78D988E204270B300E8CE2E /* Const.swift */,
				B73A0D0C2046F8A400A078D1 /* Const2.swift */,
				B7E8B50A204269280046E712 /* Assets.xcassets */,
				B7E8B50C204269280046E712 /* LaunchScreen.storyboard */,
				B7E8B50F204269280046E712 /* Info.plist */,
				B7E8B515204269630046E712 /* GoogleService-Info.plist */,
			);
			path = message;
			sourceTree = "<group>";
		};
/* End PBXGroup section */

/* Begin PBXNativeTarget section */
		B7E8B4FF204269280046E712 /* message */ = {
			isa = PBXNativeTarget;
			buildConfigurationList = B7E8B512204269280046E712 /* Build configuration list for PBXNativeTarget "message" */;
			buildPhases = (
				DF1D338FDF350AFE010EC535 /* [CP] Check Pods Manifest.lock */,
				B7E8B4FC204269280046E712 /* Sources */,
				B7E8B4FD204269280046E712 /* Frameworks */,
				B7E8B4FE204269280046E712 /* Resources */,
				8F253E77AE2CD83F046022EC /* [CP] Embed Pods Frameworks */,
				2F2147F773CEDDD55C0EC686 /* [CP] Copy Pods Resources */,
			);
			buildRules = (
			);
			dependencies = (
			);
			name = message;
			productName = message;
			productReference = B7E8B500204269280046E712 /* message.app */;
			productType = "com.apple.product-type.application";
		};
/* End PBXNativeTarget section */

/* Begin PBXProject section */
		B7E8B4F8204269280046E712 /* Project object */ = {
			isa = PBXProject;
			attributes = {
				LastSwiftUpdateCheck = 0920;
				LastUpgradeCheck = 0920;
				ORGANIZATIONNAME = ryoma.konishi;
				TargetAttributes = {
					B7E8B4FF204269280046E712 = {
						CreatedOnToolsVersion = 9.2;
						ProvisioningStyle = Automatic;
					};
				};
			};
			buildConfigurationList = B7E8B4FB204269280046E712 /* Build configuration list for PBXProject "message" */;
			compatibilityVersion = "Xcode 8.0";
			developmentRegion = en;
			hasScannedForEncodings = 0;
			knownRegions = (
				en,
				Base,
			);
			mainGroup = B7E8B4F7204269280046E712;
			productRefGroup = B7E8B501204269280046E712 /* Products */;
			projectDirPath = "";
			projectRoot = "";
			targets = (
				B7E8B4FF204269280046E712 /* message */,
			);
		};
/* End PBXProject section */

/* Begin PBXResourcesBuildPhase section */
		B7E8B4FE204269280046E712 /* Resources */ = {
			isa = PBXResourcesBuildPhase;
			buildActionMask = 2147483647;
			files = (
				B7E8B50E204269280046E712 /* LaunchScreen.storyboard in Resources */,
				B7E8B516204269630046E712 /* GoogleService-Info.plist in Resources */,
				B7E8B50B204269280046E712 /* Assets.xcassets in Resources */,
				B7E8B509204269280046E712 /* Main.storyboard in Resources */,
			);
			runOnlyForDeploymentPostprocessing = 0;
		};
/* End PBXResourcesBuildPhase section */

/* Begin PBXShellScriptBuildPhase section */
		2F2147F773CEDDD55C0EC686 /* [CP] Copy Pods Resources */ = {
			isa = PBXShellScriptBuildPhase;
			buildActionMask = 2147483647;
			files = (
			);
			inputPaths = (
			);
			name = "[CP] Copy Pods Resources";
			outputPaths = (
			);
			runOnlyForDeploymentPostprocessing = 0;
			shellPath = /bin/sh;
			shellScript = "\"${SRCROOT}/Pods/Target Support Files/Pods-message/Pods-message-resources.sh\"\n";
			showEnvVarsInLog = 0;
		};
		8F253E77AE2CD83F046022EC /* [CP] Embed Pods Frameworks */ = {
			isa = PBXShellScriptBuildPhase;
			buildActionMask = 2147483647;
			files = (
			);
			inputPaths = (
				"${SRCROOT}/Pods/Target Support Files/Pods-message/Pods-message-frameworks.sh",
				"${BUILT_PRODUCTS_DIR}/GTMSessionFetcher/GTMSessionFetcher.framework",
				"${BUILT_PRODUCTS_DIR}/GoogleToolboxForMac/GoogleToolboxForMac.framework",
				"${BUILT_PRODUCTS_DIR}/JSQMessagesViewController/JSQMessagesViewController.framework",
				"${BUILT_PRODUCTS_DIR}/JSQSystemSoundPlayer/JSQSystemSoundPlayer.framework",
				"${BUILT_PRODUCTS_DIR}/SVProgressHUD/SVProgressHUD.framework",
				"${BUILT_PRODUCTS_DIR}/leveldb-library/leveldb.framework",
				"${BUILT_PRODUCTS_DIR}/nanopb/nanopb.framework",
			);
			name = "[CP] Embed Pods Frameworks";
			outputPaths = (
				"${TARGET_BUILD_DIR}/${FRAMEWORKS_FOLDER_PATH}/GTMSessionFetcher.framework",
				"${TARGET_BUILD_DIR}/${FRAMEWORKS_FOLDER_PATH}/GoogleToolboxForMac.framework",
				"${TARGET_BUILD_DIR}/${FRAMEWORKS_FOLDER_PATH}/JSQMessagesViewController.framework",
				"${TARGET_BUILD_DIR}/${FRAMEWORKS_FOLDER_PATH}/JSQSystemSoundPlayer.framework",
				"${TARGET_BUILD_DIR}/${FRAMEWORKS_FOLDER_PATH}/SVProgressHUD.framework",
				"${TARGET_BUILD_DIR}/${FRAMEWORKS_FOLDER_PATH}/leveldb.framework",
				"${TARGET_BUILD_DIR}/${FRAMEWORKS_FOLDER_PATH}/nanopb.framework",
			);
			runOnlyForDeploymentPostprocessing = 0;
			shellPath = /bin/sh;
			shellScript = "\"${SRCROOT}/Pods/Target Support Files/Pods-message/Pods-message-frameworks.sh\"\n";
			showEnvVarsInLog = 0;
		};
		DF1D338FDF350AFE010EC535 /* [CP] Check Pods Manifest.lock */ = {
			isa = PBXShellScriptBuildPhase;
			buildActionMask = 2147483647;
			files = (
			);
			inputPaths = (
				"${PODS_PODFILE_DIR_PATH}/Podfile.lock",
				"${PODS_ROOT}/Manifest.lock",
			);
			name = "[CP] Check Pods Manifest.lock";
			outputPaths = (
				"$(DERIVED_FILE_DIR)/Pods-message-checkManifestLockResult.txt",
			);
			runOnlyForDeploymentPostprocessing = 0;
			shellPath = /bin/sh;
			shellScript = "diff \"${PODS_PODFILE_DIR_PATH}/Podfile.lock\" \"${PODS_ROOT}/Manifest.lock\" > /dev/null\nif [ $? != 0 ] ; then\n    # print error to STDERR\n    echo \"error: The sandbox is not in sync with the Podfile.lock. Run 'pod install' or update your CocoaPods installation.\" >&2\n    exit 1\nfi\n# This output is used by Xcode 'outputs' to avoid re-running this script phase.\necho \"SUCCESS\" > \"${SCRIPT_OUTPUT_FILE_0}\"\n";
			showEnvVarsInLog = 0;
		};
/* End PBXShellScriptBuildPhase section */

/* Begin PBXSourcesBuildPhase section */
		B7E8B4FC204269280046E712 /* Sources */ = {
			isa = PBXSourcesBuildPhase;
			buildActionMask = 2147483647;
			files = (
				B784C0B3204A6AE700D08DA1 /* CollectionViewController.swift in Sources */,
				B74E954220426A4E008A2E08 /* LoginViewController.swift in Sources */,
				B7E8B506204269280046E712 /* ViewController.swift in Sources */,
				B784C0B1204A49D300D08DA1 /* SendImageViewController.swift in Sources */,
				B73A0D092046DFEB00A078D1 /* MemberListViewController.swift in Sources */,
				B73A0D0B2046F4D900A078D1 /* TableViewController.swift in Sources */,
				B7FB6B0420426DC700BF5EF9 /* LogoutViewController.swift in Sources */,
				B78D98912042711400E8CE2E /* PostData.swift in Sources */,
				B7E8B504204269280046E712 /* AppDelegate.swift in Sources */,
				B73A0D0F2046F8C700A078D1 /* PostAuth.swift in Sources */,
				B73A0D0D2046F8A400A078D1 /* Const2.swift in Sources */,
				B78D988F204270B300E8CE2E /* Const.swift in Sources */,
			);
			runOnlyForDeploymentPostprocessing = 0;
		};
/* End PBXSourcesBuildPhase section */

/* Begin PBXVariantGroup section */
		B7E8B507204269280046E712 /* Main.storyboard */ = {
			isa = PBXVariantGroup;
			children = (
				B7E8B508204269280046E712 /* Base */,
			);
			name = Main.storyboard;
			sourceTree = "<group>";
		};
		B7E8B50C204269280046E712 /* LaunchScreen.storyboard */ = {
			isa = PBXVariantGroup;
			children = (
				B7E8B50D204269280046E712 /* Base */,
			);
			name = LaunchScreen.storyboard;
			sourceTree = "<group>";
		};
/* End PBXVariantGroup section */

/* Begin XCBuildConfiguration section */
		B7E8B510204269280046E712 /* Debug */ = {
			isa = XCBuildConfiguration;
			buildSettings = {
				ALWAYS_SEARCH_USER_PATHS = NO;
				CLANG_ANALYZER_NONNULL = YES;
				CLANG_ANALYZER_NUMBER_OBJECT_CONVERSION = YES_AGGRESSIVE;
				CLANG_CXX_LANGUAGE_STANDARD = "gnu++14";
				CLANG_CXX_LIBRARY = "libc++";
				CLANG_ENABLE_MODULES = YES;
				CLANG_ENABLE_OBJC_ARC = YES;
				CLANG_WARN_BLOCK_CAPTURE_AUTORELEASING = YES;
				CLANG_WARN_BOOL_CONVERSION = YES;
				CLANG_WARN_COMMA = YES;
				CLANG_WARN_CONSTANT_CONVERSION = YES;
				CLANG_WARN_DIRECT_OBJC_ISA_USAGE = YES_ERROR;
				CLANG_WARN_DOCUMENTATION_COMMENTS = YES;
				CLANG_WARN_EMPTY_BODY = YES;
				CLANG_WARN_ENUM_CONVERSION = YES;
				CLANG_WARN_INFINITE_RECURSION = YES;
				CLANG_WARN_INT_CONVERSION = YES;
				CLANG_WARN_NON_LITERAL_NULL_CONVERSION = YES;
				CLANG_WARN_OBJC_LITERAL_CONVERSION = YES;
				CLANG_WARN_OBJC_ROOT_CLASS = YES_ERROR;
				CLANG_WARN_RANGE_LOOP_ANALYSIS = YES;
				CLANG_WARN_STRICT_PROTOTYPES = YES;
				CLANG_WARN_SUSPICIOUS_MOVE = YES;
				CLANG_WARN_UNGUARDED_AVAILABILITY = YES_AGGRESSIVE;
				CLANG_WARN_UNREACHABLE_CODE = YES;
				CLANG_WARN__DUPLICATE_METHOD_MATCH = YES;
				CODE_SIGN_IDENTITY = "iPhone Developer";
				COPY_PHASE_STRIP = NO;
				DEBUG_INFORMATION_FORMAT = dwarf;
				ENABLE_STRICT_OBJC_MSGSEND = YES;
				ENABLE_TESTABILITY = YES;
				GCC_C_LANGUAGE_STANDARD = gnu11;
				GCC_DYNAMIC_NO_PIC = NO;
				GCC_NO_COMMON_BLOCKS = YES;
				GCC_OPTIMIZATION_LEVEL = 0;
				GCC_PREPROCESSOR_DEFINITIONS = (
					"DEBUG=1",
					"$(inherited)",
				);
				GCC_WARN_64_TO_32_BIT_CONVERSION = YES;
				GCC_WARN_ABOUT_RETURN_TYPE = YES_ERROR;
				GCC_WARN_UNDECLARED_SELECTOR = YES;
				GCC_WARN_UNINITIALIZED_AUTOS = YES_AGGRESSIVE;
				GCC_WARN_UNUSED_FUNCTION = YES;
				GCC_WARN_UNUSED_VARIABLE = YES;
				IPHONEOS_DEPLOYMENT_TARGET = 11.2;
				MTL_ENABLE_DEBUG_INFO = YES;
				ONLY_ACTIVE_ARCH = YES;
				SDKROOT = iphoneos;
				SWIFT_ACTIVE_COMPILATION_CONDITIONS = DEBUG;
				SWIFT_OPTIMIZATION_LEVEL = "-Onone";
			};
			name = Debug;
		};
		B7E8B511204269280046E712 /* Release */ = {
			isa = XCBuildConfiguration;
			buildSettings = {
				ALWAYS_SEARCH_USER_PATHS = NO;
				CLANG_ANALYZER_NONNULL = YES;
				CLANG_ANALYZER_NUMBER_OBJECT_CONVERSION = YES_AGGRESSIVE;
				CLANG_CXX_LANGUAGE_STANDARD = "gnu++14";
				CLANG_CXX_LIBRARY = "libc++";
				CLANG_ENABLE_MODULES = YES;
				CLANG_ENABLE_OBJC_ARC = YES;
				CLANG_WARN_BLOCK_CAPTURE_AUTORELEASING = YES;
				CLANG_WARN_BOOL_CONVERSION = YES;
				CLANG_WARN_COMMA = YES;
				CLANG_WARN_CONSTANT_CONVERSION = YES;
				CLANG_WARN_DIRECT_OBJC_ISA_USAGE = YES_ERROR;
				CLANG_WARN_DOCUMENTATION_COMMENTS = YES;
				CLANG_WARN_EMPTY_BODY = YES;
				CLANG_WARN_ENUM_CONVERSION = YES;
				CLANG_WARN_INFINITE_RECURSION = YES;
				CLANG_WARN_INT_CONVERSION = YES;
				CLANG_WARN_NON_LITERAL_NULL_CONVERSION = YES;
				CLANG_WARN_OBJC_LITERAL_CONVERSION = YES;
				CLANG_WARN_OBJC_ROOT_CLASS = YES_ERROR;
				CLANG_WARN_RANGE_LOOP_ANALYSIS = YES;
				CLANG_WARN_STRICT_PROTOTYPES = YES;
				CLANG_WARN_SUSPICIOUS_MOVE = YES;
				CLANG_WARN_UNGUARDED_AVAILABILITY = YES_AGGRESSIVE;
				CLANG_WARN_UNREACHABLE_CODE = YES;
				CLANG_WARN__DUPLICATE_METHOD_MATCH = YES;
				CODE_SIGN_IDENTITY = "iPhone Developer";
				COPY_PHASE_STRIP = NO;
				DEBUG_INFORMATION_FORMAT = "dwarf-with-dsym";
				ENABLE_NS_ASSERTIONS = NO;
				ENABLE_STRICT_OBJC_MSGSEND = YES;
				GCC_C_LANGUAGE_STANDARD = gnu11;
				GCC_NO_COMMON_BLOCKS = YES;
				GCC_WARN_64_TO_32_BIT_CONVERSION = YES;
				GCC_WARN_ABOUT_RETURN_TYPE = YES_ERROR;
				GCC_WARN_UNDECLARED_SELECTOR = YES;
				GCC_WARN_UNINITIALIZED_AUTOS = YES_AGGRESSIVE;
				GCC_WARN_UNUSED_FUNCTION = YES;
				GCC_WARN_UNUSED_VARIABLE = YES;
				IPHONEOS_DEPLOYMENT_TARGET = 11.2;
				MTL_ENABLE_DEBUG_INFO = NO;
				SDKROOT = iphoneos;
				SWIFT_OPTIMIZATION_LEVEL = "-Owholemodule";
				VALIDATE_PRODUCT = YES;
			};
			name = Release;
		};
		B7E8B513204269280046E712 /* Debug */ = {
			isa = XCBuildConfiguration;
			baseConfigurationReference = ABAED14EEED4068A73A12C40 /* Pods-message.debug.xcconfig */;
			buildSettings = {
				ASSETCATALOG_COMPILER_APPICON_NAME = AppIcon;
				CODE_SIGN_STYLE = Automatic;
				DEVELOPMENT_TEAM = 876WHF7S78;
				INFOPLIST_FILE = message/Info.plist;
				LD_RUNPATH_SEARCH_PATHS = "$(inherited) @executable_path/Frameworks";
				PRODUCT_BUNDLE_IDENTIFIER = jp.techacademy.ryoma.konishi.message;
				PRODUCT_NAME = "$(TARGET_NAME)";
				SWIFT_VERSION = 4.0;
				TARGETED_DEVICE_FAMILY = "1,2";
			};
			name = Debug;
		};
		B7E8B514204269280046E712 /* Release */ = {
			isa = XCBuildConfiguration;
			baseConfigurationReference = AD954E6210FD59EA86961204 /* Pods-message.release.xcconfig */;
			buildSettings = {
				ASSETCATALOG_COMPILER_APPICON_NAME = AppIcon;
				CODE_SIGN_STYLE = Automatic;
				DEVELOPMENT_TEAM = 876WHF7S78;
				INFOPLIST_FILE = message/Info.plist;
				LD_RUNPATH_SEARCH_PATHS = "$(inherited) @executable_path/Frameworks";
				PRODUCT_BUNDLE_IDENTIFIER = jp.techacademy.ryoma.konishi.message;
				PRODUCT_NAME = "$(TARGET_NAME)";
				SWIFT_VERSION = 4.0;
				TARGETED_DEVICE_FAMILY = "1,2";
			};
			name = Release;
		};
/* End XCBuildConfiguration section */

/* Begin XCConfigurationList section */
		B7E8B4FB204269280046E712 /* Build configuration list for PBXProject "message" */ = {
			isa = XCConfigurationList;
			buildConfigurations = (
				B7E8B510204269280046E712 /* Debug */,
				B7E8B511204269280046E712 /* Release */,
			);
			defaultConfigurationIsVisible = 0;
			defaultConfigurationName = Release;
		};
		B7E8B512204269280046E712 /* Build configuration list for PBXNativeTarget "message" */ = {
			isa = XCConfigurationList;
			buildConfigurations = (
				B7E8B513204269280046E712 /* Debug */,
				B7E8B514204269280046E712 /* Release */,
			);
			defaultConfigurationIsVisible = 0;
			defaultConfigurationName = Release;
		};
/* End XCConfigurationList section */
	};
	rootObject = B7E8B4F8204269280046E712 /* Project object */;
}
